
Microsoft Visual Studio Solution File, Format Version 12.00
# Visual Studio 2013
VisualStudioVersion = 12.0.30110.0
MinimumVisualStudioVersion = 10.0.40219.1
Project("{2150E333-8FDC-42A3-9474-1A3956D46DE8}") = "Solution Items", "Solution Items", "{9F69E87C-76F0-48C8-B4B0-C2EB68931D89}"
	ProjectSection(SolutionItems) = preProject
		Alphacloud.Common.snk = Alphacloud.Common.snk
		build.proj = build.proj
		CommonAssemblyInfo.cs = CommonAssemblyInfo.cs
	EndProjectSection
EndProject
Project("{2150E333-8FDC-42A3-9474-1A3956D46DE8}") = "Tests", "Tests", "{50C0FB8B-4B5D-468A-9839-44283E7E6D9E}"
EndProject
Project("{FAE04EC0-301F-11D3-BF4B-00C04F79EFBC}") = "Core", "Core\Core.csproj", "{DC27C4E6-4FBA-4D02-B7B4-BB9A48CF25B2}"
EndProject
Project("{FAE04EC0-301F-11D3-BF4B-00C04F79EFBC}") = "Core.Tests", "Tests\Core.Tests\Core.Tests.csproj", "{BD0E45F6-3065-4A49-AF4B-0A451EC4E2F3}"
EndProject
Project("{2150E333-8FDC-42A3-9474-1A3956D46DE8}") = ".nuget", ".nuget", "{6E05D07C-C50B-473A-B7C7-A644196C4753}"
	ProjectSection(SolutionItems) = preProject
		.nuget\NuGet.Config = .nuget\NuGet.Config
		.nuget\NuGet.exe = .nuget\NuGet.exe
		.nuget\NuGet.targets = .nuget\NuGet.targets
	EndProjectSection
EndProject
Project("{FAE04EC0-301F-11D3-BF4B-00C04F79EFBC}") = "Infrastructure", "Infrastructure\Infrastructure.csproj", "{D40ED75D-018A-42D0-8A45-011BF25031BB}"
EndProject
Project("{FAE04EC0-301F-11D3-BF4B-00C04F79EFBC}") = "ServiceLocator.Castle", "ServiceLocator.Castle\ServiceLocator.Castle.csproj", "{A5878975-B3CE-4E4C-8B83-017DA279A039}"
EndProject
Project("{FAE04EC0-301F-11D3-BF4B-00C04F79EFBC}") = "Infrastructure.Tests", "Tests\Infrastructure.Tests\Infrastructure.Tests.csproj", "{8B9A63FB-B63F-47AC-B7FA-4032CDABE7BB}"
EndProject
Project("{FAE04EC0-301F-11D3-BF4B-00C04F79EFBC}") = "Testing.Nunit", "Testing.Nunit\Testing.Nunit.csproj", "{B94885E3-6D45-47D3-B9B5-C78BD45653F4}"
EndProject
Project("{FAE04EC0-301F-11D3-BF4B-00C04F79EFBC}") = "Caching.Memcached", "Integration\Caching.Memcached\Caching.Memcached.csproj", "{54E6D657-D9AB-45FD-B06E-05625D60821E}"
EndProject
Project("{2150E333-8FDC-42A3-9474-1A3956D46DE8}") = "Integration", "Integration", "{825AAA21-8078-4548-A565-B0C76E2EE0FB}"
EndProject
Project("{FAE04EC0-301F-11D3-BF4B-00C04F79EFBC}") = "Caching.Memcached.CommonLogging", "Integration\Caching.Memcached.CommonLogging\Caching.Memcached.CommonLogging.csproj", "{F9E6CF1B-50A1-436F-A509-B97832A74346}"
EndProject
Project("{FAE04EC0-301F-11D3-BF4B-00C04F79EFBC}") = "Caching.Memcached.Tests", "Tests\Integration\Caching.Memcached.Tests\Caching.Memcached.Tests.csproj", "{8DF06376-2BE9-454F-A06F-AF6381B6125D}"
EndProject
Project("{FAE04EC0-301F-11D3-BF4B-00C04F79EFBC}") = "ServiceLocator.Castle.Tests", "Tests\ServiceLocator.Castle.Tests\ServiceLocator.Castle.Tests.csproj", "{F33F2379-0D62-477A-824A-61D6E5AAE990}"
EndProject
Project("{2150E333-8FDC-42A3-9474-1A3956D46DE8}") = "Web", "Web", "{F5F4F3E9-B563-4AE2-A50D-FD22014B1C71}"
EndProject
Project("{FAE04EC0-301F-11D3-BF4B-00C04F79EFBC}") = "Web.Mvc", "Web\Web.Mvc\Web.Mvc.csproj", "{D6291A8E-398D-469A-B997-5A17D5CB4F71}"
EndProject
Project("{FAE04EC0-301F-11D3-BF4B-00C04F79EFBC}") = "Instrumentation.Log4Net", "Integration\Instrumentation.Log4Net\Instrumentation.Log4Net.csproj", "{705BE14F-4B7A-4BD2-AAAC-7AFB957BA116}"
EndProject
Project("{2150E333-8FDC-42A3-9474-1A3956D46DE8}") = "Samples", "Samples", "{1744A767-CDED-4381-A29C-E07A023BA287}"
EndProject
Project("{FAE04EC0-301F-11D3-BF4B-00C04F79EFBC}") = "WebMvcSample", "Samples\WebMvcSample\WebMvcSample.csproj", "{73B212CE-9AD0-40CD-BCBD-34AA0001A449}"
EndProject
Global
	GlobalSection(SolutionConfigurationPlatforms) = preSolution
		Debug|Any CPU = Debug|Any CPU
		Release|Any CPU = Release|Any CPU
	EndGlobalSection
	GlobalSection(ProjectConfigurationPlatforms) = postSolution
		{DC27C4E6-4FBA-4D02-B7B4-BB9A48CF25B2}.Debug|Any CPU.ActiveCfg = Debug|Any CPU
		{DC27C4E6-4FBA-4D02-B7B4-BB9A48CF25B2}.Debug|Any CPU.Build.0 = Debug|Any CPU
		{DC27C4E6-4FBA-4D02-B7B4-BB9A48CF25B2}.Release|Any CPU.ActiveCfg = Release|Any CPU
		{DC27C4E6-4FBA-4D02-B7B4-BB9A48CF25B2}.Release|Any CPU.Build.0 = Release|Any CPU
		{BD0E45F6-3065-4A49-AF4B-0A451EC4E2F3}.Debug|Any CPU.ActiveCfg = Debug|Any CPU
		{BD0E45F6-3065-4A49-AF4B-0A451EC4E2F3}.Debug|Any CPU.Build.0 = Debug|Any CPU
		{BD0E45F6-3065-4A49-AF4B-0A451EC4E2F3}.Release|Any CPU.ActiveCfg = Release|Any CPU
		{BD0E45F6-3065-4A49-AF4B-0A451EC4E2F3}.Release|Any CPU.Build.0 = Release|Any CPU
		{D40ED75D-018A-42D0-8A45-011BF25031BB}.Debug|Any CPU.ActiveCfg = Debug|Any CPU
		{D40ED75D-018A-42D0-8A45-011BF25031BB}.Debug|Any CPU.Build.0 = Debug|Any CPU
		{D40ED75D-018A-42D0-8A45-011BF25031BB}.Release|Any CPU.ActiveCfg = Release|Any CPU
		{D40ED75D-018A-42D0-8A45-011BF25031BB}.Release|Any CPU.Build.0 = Release|Any CPU
		{A5878975-B3CE-4E4C-8B83-017DA279A039}.Debug|Any CPU.ActiveCfg = Debug|Any CPU
		{A5878975-B3CE-4E4C-8B83-017DA279A039}.Debug|Any CPU.Build.0 = Debug|Any CPU
		{A5878975-B3CE-4E4C-8B83-017DA279A039}.Release|Any CPU.ActiveCfg = Release|Any CPU
		{A5878975-B3CE-4E4C-8B83-017DA279A039}.Release|Any CPU.Build.0 = Release|Any CPU
		{8B9A63FB-B63F-47AC-B7FA-4032CDABE7BB}.Debug|Any CPU.ActiveCfg = Debug|Any CPU
		{8B9A63FB-B63F-47AC-B7FA-4032CDABE7BB}.Debug|Any CPU.Build.0 = Debug|Any CPU
		{8B9A63FB-B63F-47AC-B7FA-4032CDABE7BB}.Release|Any CPU.ActiveCfg = Release|Any CPU
		{8B9A63FB-B63F-47AC-B7FA-4032CDABE7BB}.Release|Any CPU.Build.0 = Release|Any CPU
		{B94885E3-6D45-47D3-B9B5-C78BD45653F4}.Debug|Any CPU.ActiveCfg = Debug|Any CPU
		{B94885E3-6D45-47D3-B9B5-C78BD45653F4}.Debug|Any CPU.Build.0 = Debug|Any CPU
		{B94885E3-6D45-47D3-B9B5-C78BD45653F4}.Release|Any CPU.ActiveCfg = Release|Any CPU
		{B94885E3-6D45-47D3-B9B5-C78BD45653F4}.Release|Any CPU.Build.0 = Release|Any CPU
		{54E6D657-D9AB-45FD-B06E-05625D60821E}.Debug|Any CPU.ActiveCfg = Debug|Any CPU
		{54E6D657-D9AB-45FD-B06E-05625D60821E}.Debug|Any CPU.Build.0 = Debug|Any CPU
		{54E6D657-D9AB-45FD-B06E-05625D60821E}.Release|Any CPU.ActiveCfg = Release|Any CPU
		{54E6D657-D9AB-45FD-B06E-05625D60821E}.Release|Any CPU.Build.0 = Release|Any CPU
		{F9E6CF1B-50A1-436F-A509-B97832A74346}.Debug|Any CPU.ActiveCfg = Debug|Any CPU
		{F9E6CF1B-50A1-436F-A509-B97832A74346}.Debug|Any CPU.Build.0 = Debug|Any CPU
		{F9E6CF1B-50A1-436F-A509-B97832A74346}.Release|Any CPU.ActiveCfg = Release|Any CPU
		{F9E6CF1B-50A1-436F-A509-B97832A74346}.Release|Any CPU.Build.0 = Release|Any CPU
		{8DF06376-2BE9-454F-A06F-AF6381B6125D}.Debug|Any CPU.ActiveCfg = Debug|Any CPU
		{8DF06376-2BE9-454F-A06F-AF6381B6125D}.Debug|Any CPU.Build.0 = Debug|Any CPU
		{8DF06376-2BE9-454F-A06F-AF6381B6125D}.Release|Any CPU.ActiveCfg = Release|Any CPU
		{8DF06376-2BE9-454F-A06F-AF6381B6125D}.Release|Any CPU.Build.0 = Release|Any CPU
		{F33F2379-0D62-477A-824A-61D6E5AAE990}.Debug|Any CPU.ActiveCfg = Debug|Any CPU
		{F33F2379-0D62-477A-824A-61D6E5AAE990}.Debug|Any CPU.Build.0 = Debug|Any CPU
		{F33F2379-0D62-477A-824A-61D6E5AAE990}.Release|Any CPU.ActiveCfg = Release|Any CPU
		{F33F2379-0D62-477A-824A-61D6E5AAE990}.Release|Any CPU.Build.0 = Release|Any CPU
		{D6291A8E-398D-469A-B997-5A17D5CB4F71}.Debug|Any CPU.ActiveCfg = Debug|Any CPU
		{D6291A8E-398D-469A-B997-5A17D5CB4F71}.Debug|Any CPU.Build.0 = Debug|Any CPU
		{D6291A8E-398D-469A-B997-5A17D5CB4F71}.Release|Any CPU.ActiveCfg = Release|Any CPU
		{D6291A8E-398D-469A-B997-5A17D5CB4F71}.Release|Any CPU.Build.0 = Release|Any CPU
		{705BE14F-4B7A-4BD2-AAAC-7AFB957BA116}.Debug|Any CPU.ActiveCfg = Debug|Any CPU
		{705BE14F-4B7A-4BD2-AAAC-7AFB957BA116}.Debug|Any CPU.Build.0 = Debug|Any CPU
		{705BE14F-4B7A-4BD2-AAAC-7AFB957BA116}.Release|Any CPU.ActiveCfg = Release|Any CPU
		{705BE14F-4B7A-4BD2-AAAC-7AFB957BA116}.Release|Any CPU.Build.0 = Release|Any CPU
		{73B212CE-9AD0-40CD-BCBD-34AA0001A449}.Debug|Any CPU.ActiveCfg = Debug|Any CPU
		{73B212CE-9AD0-40CD-BCBD-34AA0001A449}.Debug|Any CPU.Build.0 = Debug|Any CPU
		{73B212CE-9AD0-40CD-BCBD-34AA0001A449}.Release|Any CPU.ActiveCfg = Release|Any CPU
		{73B212CE-9AD0-40CD-BCBD-34AA0001A449}.Release|Any CPU.Build.0 = Release|Any CPU
	EndGlobalSection
	GlobalSection(SolutionProperties) = preSolution
		HideSolutionNode = FALSE
	EndGlobalSection
	GlobalSection(NestedProjects) = preSolution
		{BD0E45F6-3065-4A49-AF4B-0A451EC4E2F3} = {50C0FB8B-4B5D-468A-9839-44283E7E6D9E}
		{8B9A63FB-B63F-47AC-B7FA-4032CDABE7BB} = {50C0FB8B-4B5D-468A-9839-44283E7E6D9E}
		{8DF06376-2BE9-454F-A06F-AF6381B6125D} = {50C0FB8B-4B5D-468A-9839-44283E7E6D9E}
		{F33F2379-0D62-477A-824A-61D6E5AAE990} = {50C0FB8B-4B5D-468A-9839-44283E7E6D9E}
		{54E6D657-D9AB-45FD-B06E-05625D60821E} = {825AAA21-8078-4548-A565-B0C76E2EE0FB}
		{F9E6CF1B-50A1-436F-A509-B97832A74346} = {825AAA21-8078-4548-A565-B0C76E2EE0FB}
		{705BE14F-4B7A-4BD2-AAAC-7AFB957BA116} = {825AAA21-8078-4548-A565-B0C76E2EE0FB}
		{D6291A8E-398D-469A-B997-5A17D5CB4F71} = {F5F4F3E9-B563-4AE2-A50D-FD22014B1C71}
		{73B212CE-9AD0-40CD-BCBD-34AA0001A449} = {1744A767-CDED-4381-A29C-E07A023BA287}
	EndGlobalSection
EndGlobal
